// !$*UTF8*$!
{
	archiveVersion = 1;
	classes = {
	};
	objectVersion = 46;
	objects = {

/* Begin PBXBuildFile section */
		F0B80F171AA6998C00E545B6 /* Foundation.framework in Frameworks */ = {isa = PBXBuildFile; fileRef = F0B80F161AA6998C00E545B6 /* Foundation.framework */; };
		F0B80F191AA6998C00E545B6 /* CoreGraphics.framework in Frameworks */ = {isa = PBXBuildFile; fileRef = F0B80F181AA6998C00E545B6 /* CoreGraphics.framework */; };
		F0B80F1B1AA6998C00E545B6 /* UIKit.framework in Frameworks */ = {isa = PBXBuildFile; fileRef = F0B80F1A1AA6998C00E545B6 /* UIKit.framework */; };
		F0B80F211AA6998C00E545B6 /* InfoPlist.strings in Resources */ = {isa = PBXBuildFile; fileRef = F0B80F1F1AA6998C00E545B6 /* InfoPlist.strings */; };
		F0B80F231AA6998C00E545B6 /* main.m in Sources */ = {isa = PBXBuildFile; fileRef = F0B80F221AA6998C00E545B6 /* main.m */; };
		F0B80F271AA6998C00E545B6 /* AppDelegate.m in Sources */ = {isa = PBXBuildFile; fileRef = F0B80F261AA6998C00E545B6 /* AppDelegate.m */; };
		F0B80F291AA6998C00E545B6 /* Images.xcassets in Resources */ = {isa = PBXBuildFile; fileRef = F0B80F281AA6998C00E545B6 /* Images.xcassets */; };
		F0B80F481AA699A900E545B6 /* ViewController.m in Sources */ = {isa = PBXBuildFile; fileRef = F0B80F461AA699A900E545B6 /* ViewController.m */; };
		F0B80F491AA699A900E545B6 /* ViewController.xib in Resources */ = {isa = PBXBuildFile; fileRef = F0B80F471AA699A900E545B6 /* ViewController.xib */; };
		F0B80F501AA69F2F00E545B6 /* CoreTelephony.framework in Frameworks */ = {isa = PBXBuildFile; fileRef = F0B80F4F1AA69F2F00E545B6 /* CoreTelephony.framework */; };
		F0B80F521AA69F3A00E545B6 /* EventKit.framework in Frameworks */ = {isa = PBXBuildFile; fileRef = F0B80F511AA69F3A00E545B6 /* EventKit.framework */; };
		F0B80F541AA69F3E00E545B6 /* EventKitUI.framework in Frameworks */ = {isa = PBXBuildFile; fileRef = F0B80F531AA69F3E00E545B6 /* EventKitUI.framework */; };
		F0B80F561AA69F4F00E545B6 /* MediaPlayer.framework in Frameworks */ = {isa = PBXBuildFile; fileRef = F0B80F551AA69F4F00E545B6 /* MediaPlayer.framework */; };
		F0B80F581AA69F5500E545B6 /* SystemConfiguration.framework in Frameworks */ = {isa = PBXBuildFile; fileRef = F0B80F571AA69F5500E545B6 /* SystemConfiguration.framework */; };
		F0B80F5A1AA69F5B00E545B6 /* StoreKit.framework in Frameworks */ = {isa = PBXBuildFile; fileRef = F0B80F591AA69F5B00E545B6 /* StoreKit.framework */; };
		F0B80F5C1AA69F6300E545B6 /* MessageUI.framework in Frameworks */ = {isa = PBXBuildFile; fileRef = F0B80F5B1AA69F6300E545B6 /* MessageUI.framework */; };
		F0B80F5E1AA69F6A00E545B6 /* AVFoundation.framework in Frameworks */ = {isa = PBXBuildFile; fileRef = F0B80F5D1AA69F6A00E545B6 /* AVFoundation.framework */; };
		F0B80F601AA69F7300E545B6 /* AudioToolbox.framework in Frameworks */ = {isa = PBXBuildFile; fileRef = F0B80F5F1AA69F7300E545B6 /* AudioToolbox.framework */; };
		F0B80F621AA69F7A00E545B6 /* AdSupport.framework in Frameworks */ = {isa = PBXBuildFile; fileRef = F0B80F611AA69F7A00E545B6 /* AdSupport.framework */; };
		F0B80F671AA6A0E200E545B6 /* GoogleMobileAds.framework in Frameworks */ = {isa = PBXBuildFile; fileRef = F0B80F641AA6A0E200E545B6 /* GoogleMobileAds.framework */; };
		F0B80F681AA6A0E200E545B6 /* libQYYLgoogleLib.a in Frameworks */ = {isa = PBXBuildFile; fileRef = F0B80F651AA6A0E200E545B6 /* libQYYLgoogleLib.a */; };
/* End PBXBuildFile section */

/* Begin PBXFileReference section */
		F0B80F131AA6998C00E545B6 /* MakePhoneCall.app */ = {isa = PBXFileReference; explicitFileType = wrapper.application; includeInIndex = 0; path = MakePhoneCall.app; sourceTree = BUILT_PRODUCTS_DIR; };
		F0B80F161AA6998C00E545B6 /* Foundation.framework */ = {isa = PBXFileReference; lastKnownFileType = wrapper.framework; name = Foundation.framework; path = System/Library/Frameworks/Foundation.framework; sourceTree = SDKROOT; };
		F0B80F181AA6998C00E545B6 /* CoreGraphics.framework */ = {isa = PBXFileReference; lastKnownFileType = wrapper.framework; name = CoreGraphics.framework; path = System/Library/Frameworks/CoreGraphics.framework; sourceTree = SDKROOT; };
		F0B80F1A1AA6998C00E545B6 /* UIKit.framework */ = {isa = PBXFileReference; lastKnownFileType = wrapper.framework; name = UIKit.framework; path = System/Library/Frameworks/UIKit.framework; sourceTree = SDKROOT; };
		F0B80F1E1AA6998C00E545B6 /* MakePhoneCall-Info.plist */ = {isa = PBXFileReference; lastKnownFileType = text.plist.xml; path = "MakePhoneCall-Info.plist"; sourceTree = "<group>"; };
		F0B80F201AA6998C00E545B6 /* en */ = {isa = PBXFileReference; lastKnownFileType = text.plist.strings; name = en; path = en.lproj/InfoPlist.strings; sourceTree = "<group>"; };
		F0B80F221AA6998C00E545B6 /* main.m */ = {isa = PBXFileReference; lastKnownFileType = sourcecode.c.objc; path = main.m; sourceTree = "<group>"; };
		F0B80F241AA6998C00E545B6 /* MakePhoneCall-Prefix.pch */ = {isa = PBXFileReference; lastKnownFileType = sourcecode.c.h; path = "MakePhoneCall-Prefix.pch"; sourceTree = "<group>"; };
		F0B80F251AA6998C00E545B6 /* AppDelegate.h */ = {isa = PBXFileReference; lastKnownFileType = sourcecode.c.h; path = AppDelegate.h; sourceTree = "<group>"; };
		F0B80F261AA6998C00E545B6 /* AppDelegate.m */ = {isa = PBXFileReference; lastKnownFileType = sourcecode.c.objc; path = AppDelegate.m; sourceTree = "<group>"; };
		F0B80F281AA6998C00E545B6 /* Images.xcassets */ = {isa = PBXFileReference; lastKnownFileType = folder.assetcatalog; path = Images.xcassets; sourceTree = "<group>"; };
		F0B80F2F1AA6998C00E545B6 /* XCTest.framework */ = {isa = PBXFileReference; lastKnownFileType = wrapper.framework; name = XCTest.framework; path = Library/Frameworks/XCTest.framework; sourceTree = DEVELOPER_DIR; };
		F0B80F451AA699A900E545B6 /* ViewController.h */ = {isa = PBXFileReference; fileEncoding = 4; lastKnownFileType = sourcecode.c.h; path = ViewController.h; sourceTree = "<group>"; };
		F0B80F461AA699A900E545B6 /* ViewController.m */ = {isa = PBXFileReference; fileEncoding = 4; lastKnownFileType = sourcecode.c.objc; path = ViewController.m; sourceTree = "<group>"; };
		F0B80F471AA699A900E545B6 /* ViewController.xib */ = {isa = PBXFileReference; fileEncoding = 4; lastKnownFileType = file.xib; path = ViewController.xib; sourceTree = "<group>"; };
		F0B80F4F1AA69F2F00E545B6 /* CoreTelephony.framework */ = {isa = PBXFileReference; lastKnownFileType = wrapper.framework; name = CoreTelephony.framework; path = System/Library/Frameworks/CoreTelephony.framework; sourceTree = SDKROOT; };
		F0B80F511AA69F3A00E545B6 /* EventKit.framework */ = {isa = PBXFileReference; lastKnownFileType = wrapper.framework; name = EventKit.framework; path = System/Library/Frameworks/EventKit.framework; sourceTree = SDKROOT; };
		F0B80F531AA69F3E00E545B6 /* EventKitUI.framework */ = {isa = PBXFileReference; lastKnownFileType = wrapper.framework; name = EventKitUI.framework; path = System/Library/Frameworks/EventKitUI.framework; sourceTree = SDKROOT; };
		F0B80F551AA69F4F00E545B6 /* MediaPlayer.framework */ = {isa = PBXFileReference; lastKnownFileType = wrapper.framework; name = MediaPlayer.framework; path = System/Library/Frameworks/MediaPlayer.framework; sourceTree = SDKROOT; };
		F0B80F571AA69F5500E545B6 /* SystemConfiguration.framework */ = {isa = PBXFileReference; lastKnownFileType = wrapper.framework; name = SystemConfiguration.framework; path = System/Library/Frameworks/SystemConfiguration.framework; sourceTree = SDKROOT; };
		F0B80F591AA69F5B00E545B6 /* StoreKit.framework */ = {isa = PBXFileReference; lastKnownFileType = wrapper.framework; name = StoreKit.framework; path = System/Library/Frameworks/StoreKit.framework; sourceTree = SDKROOT; };
		F0B80F5B1AA69F6300E545B6 /* MessageUI.framework */ = {isa = PBXFileReference; lastKnownFileType = wrapper.framework; name = MessageUI.framework; path = System/Library/Frameworks/MessageUI.framework; sourceTree = SDKROOT; };
		F0B80F5D1AA69F6A00E545B6 /* AVFoundation.framework */ = {isa = PBXFileReference; lastKnownFileType = wrapper.framework; name = AVFoundation.framework; path = System/Library/Frameworks/AVFoundation.framework; sourceTree = SDKROOT; };
		F0B80F5F1AA69F7300E545B6 /* AudioToolbox.framework */ = {isa = PBXFileReference; lastKnownFileType = wrapper.framework; name = AudioToolbox.framework; path = System/Library/Frameworks/AudioToolbox.framework; sourceTree = SDKROOT; };
		F0B80F611AA69F7A00E545B6 /* AdSupport.framework */ = {isa = PBXFileReference; lastKnownFileType = wrapper.framework; name = AdSupport.framework; path = System/Library/Frameworks/AdSupport.framework; sourceTree = SDKROOT; };
		F0B80F641AA6A0E200E545B6 /* GoogleMobileAds.framework */ = {isa = PBXFileReference; lastKnownFileType = wrapper.framework; path = GoogleMobileAds.framework; sourceTree = "<group>"; };
		F0B80F651AA6A0E200E545B6 /* libQYYLgoogleLib.a */ = {isa = PBXFileReference; lastKnownFileType = archive.ar; path = libQYYLgoogleLib.a; sourceTree = "<group>"; };
		F0B80F661AA6A0E200E545B6 /* QYYLgoogleLib.h */ = {isa = PBXFileReference; fileEncoding = 4; lastKnownFileType = sourcecode.c.h; path = QYYLgoogleLib.h; sourceTree = "<group>"; };
/* End PBXFileReference section */

/* Begin PBXFrameworksBuildPhase section */
		F0B80F101AA6998C00E545B6 /* Frameworks */ = {
			isa = PBXFrameworksBuildPhase;
			buildActionMask = 2147483647;
			files = (
				F0B80F1B1AA6998C00E545B6 /* UIKit.framework in Frameworks */,
				F0B80F191AA6998C00E545B6 /* CoreGraphics.framework in Frameworks */,
				F0B80F171AA6998C00E545B6 /* Foundation.framework in Frameworks */,
				F0B80F681AA6A0E200E545B6 /* libQYYLgoogleLib.a in Frameworks */,
				F0B80F621AA69F7A00E545B6 /* AdSupport.framework in Frameworks */,
				F0B80F601AA69F7300E545B6 /* AudioToolbox.framework in Frameworks */,
				F0B80F5E1AA69F6A00E545B6 /* AVFoundation.framework in Frameworks */,
				F0B80F5C1AA69F6300E545B6 /* MessageUI.framework in Frameworks */,
				F0B80F5A1AA69F5B00E545B6 /* StoreKit.framework in Frameworks */,
				F0B80F581AA69F5500E545B6 /* SystemConfiguration.framework in Frameworks */,
				F0B80F561AA69F4F00E545B6 /* MediaPlayer.framework in Frameworks */,
				F0B80F541AA69F3E00E545B6 /* EventKitUI.framework in Frameworks */,
				F0B80F521AA69F3A00E545B6 /* EventKit.framework in Frameworks */,
				F0B80F671AA6A0E200E545B6 /* GoogleMobileAds.framework in Frameworks */,
				F0B80F501AA69F2F00E545B6 /* CoreTelephony.framework in Frameworks */,
			);
			runOnlyForDeploymentPostprocessing = 0;
		};
/* End PBXFrameworksBuildPhase section */

/* Begin PBXGroup section */
		F0B80F0A1AA6998C00E545B6 = {
			isa = PBXGroup;
			children = (
				F0B80F631AA6A0E200E545B6 /* lib */,
				F0B80F1C1AA6998C00E545B6 /* MakePhoneCall */,
				F0B80F151AA6998C00E545B6 /* Frameworks */,
				F0B80F141AA6998C00E545B6 /* Products */,
			);
			sourceTree = "<group>";
		};
		F0B80F141AA6998C00E545B6 /* Products */ = {
			isa = PBXGroup;
			children = (
				F0B80F131AA6998C00E545B6 /* MakePhoneCall.app */,
			);
			name = Products;
			sourceTree = "<group>";
		};
		F0B80F151AA6998C00E545B6 /* Frameworks */ = {
			isa = PBXGroup;
			children = (
				F0B80F611AA69F7A00E545B6 /* AdSupport.framework */,
				F0B80F5F1AA69F7300E545B6 /* AudioToolbox.framework */,
				F0B80F5D1AA69F6A00E545B6 /* AVFoundation.framework */,
				F0B80F5B1AA69F6300E545B6 /* MessageUI.framework */,
				F0B80F591AA69F5B00E545B6 /* StoreKit.framework */,
				F0B80F571AA69F5500E545B6 /* SystemConfiguration.framework */,
				F0B80F551AA69F4F00E545B6 /* MediaPlayer.framework */,
				F0B80F531AA69F3E00E545B6 /* EventKitUI.framework */,
				F0B80F511AA69F3A00E545B6 /* EventKit.framework */,
				F0B80F4F1AA69F2F00E545B6 /* CoreTelephony.framework */,
				F0B80F161AA6998C00E545B6 /* Foundation.framework */,
				F0B80F181AA6998C00E545B6 /* CoreGraphics.framework */,
				F0B80F1A1AA6998C00E545B6 /* UIKit.framework */,
				F0B80F2F1AA6998C00E545B6 /* XCTest.framework */,
			);
			name = Frameworks;
			sourceTree = "<group>";
		};
		F0B80F1C1AA6998C00E545B6 /* MakePhoneCall */ = {
			isa = PBXGroup;
			children = (
				F0B80F251AA6998C00E545B6 /* AppDelegate.h */,
				F0B80F261AA6998C00E545B6 /* AppDelegate.m */,
				F0B80F451AA699A900E545B6 /* ViewController.h */,
				F0B80F461AA699A900E545B6 /* ViewController.m */,
				F0B80F471AA699A900E545B6 /* ViewController.xib */,
				F0B80F281AA6998C00E545B6 /* Images.xcassets */,
				F0B80F1D1AA6998C00E545B6 /* Supporting Files */,
			);
			path = MakePhoneCall;
			sourceTree = "<group>";
		};
		F0B80F1D1AA6998C00E545B6 /* Supporting Files */ = {
			isa = PBXGroup;
			children = (
				F0B80F1E1AA6998C00E545B6 /* MakePhoneCall-Info.plist */,
				F0B80F1F1AA6998C00E545B6 /* InfoPlist.strings */,
				F0B80F221AA6998C00E545B6 /* main.m */,
				F0B80F241AA6998C00E545B6 /* MakePhoneCall-Prefix.pch */,
			);
			name = "Supporting Files";
			sourceTree = "<group>";
		};
		F0B80F631AA6A0E200E545B6 /* lib */ = {
			isa = PBXGroup;
			children = (
				F0B80F641AA6A0E200E545B6 /* GoogleMobileAds.framework */,
				F0B80F651AA6A0E200E545B6 /* libQYYLgoogleLib.a */,
				F0B80F661AA6A0E200E545B6 /* QYYLgoogleLib.h */,
			);
			path = lib;
			sourceTree = "<group>";
		};
/* End PBXGroup section */

/* Begin PBXNativeTarget section */
		F0B80F121AA6998C00E545B6 /* MakePhoneCall */ = {
			isa = PBXNativeTarget;
			buildConfigurationList = F0B80F3F1AA6998C00E545B6 /* Build configuration list for PBXNativeTarget "MakePhoneCall" */;
			buildPhases = (
				F0B80F0F1AA6998C00E545B6 /* Sources */,
				F0B80F101AA6998C00E545B6 /* Frameworks */,
				F0B80F111AA6998C00E545B6 /* Resources */,
			);
			buildRules = (
			);
			dependencies = (
			);
			name = MakePhoneCall;
			productName = MakePhoneCall;
			productReference = F0B80F131AA6998C00E545B6 /* MakePhoneCall.app */;
			productType = "com.apple.product-type.application";
		};
/* End PBXNativeTarget section */

/* Begin PBXProject section */
		F0B80F0B1AA6998C00E545B6 /* Project object */ = {
			isa = PBXProject;
			attributes = {
				LastUpgradeCheck = 0510;
				ORGANIZATIONNAME = shuzhenguo;
			};
			buildConfigurationList = F0B80F0E1AA6998C00E545B6 /* Build configuration list for PBXProject "MakePhoneCall" */;
			compatibilityVersion = "Xcode 3.2";
			developmentRegion = English;
			hasScannedForEncodings = 0;
			knownRegions = (
				en,
			);
			mainGroup = F0B80F0A1AA6998C00E545B6;
			productRefGroup = F0B80F141AA6998C00E545B6 /* Products */;
			projectDirPath = "";
			projectRoot = "";
			targets = (
				F0B80F121AA6998C00E545B6 /* MakePhoneCall */,
			);
		};
/* End PBXProject section */

/* Begin PBXResourcesBuildPhase section */
		F0B80F111AA6998C00E545B6 /* Resources */ = {
			isa = PBXResourcesBuildPhase;
			buildActionMask = 2147483647;
			files = (
				F0B80F211AA6998C00E545B6 /* InfoPlist.strings in Resources */,
				F0B80F491AA699A900E545B6 /* ViewController.xib in Resources */,
				F0B80F291AA6998C00E545B6 /* Images.xcassets in Resources */,
			);
			runOnlyForDeploymentPostprocessing = 0;
		};
/* End PBXResourcesBuildPhase section */

/* Begin PBXSourcesBuildPhase section */
		F0B80F0F1AA6998C00E545B6 /* Sources */ = {
			isa = PBXSourcesBuildPhase;
			buildActionMask = 2147483647;
			files = (
				F0B80F481AA699A900E545B6 /* ViewController.m in Sources */,
				F0B80F271AA6998C00E545B6 /* AppDelegate.m in Sources */,
				F0B80F231AA6998C00E545B6 /* main.m in Sources */,
			);
			runOnlyForDeploymentPostprocessing = 0;
		};
/* End PBXSourcesBuildPhase section */

/* Begin PBXVariantGroup section */
		F0B80F1F1AA6998C00E545B6 /* InfoPlist.strings */ = {
			isa = PBXVariantGroup;
			children = (
				F0B80F201AA6998C00E545B6 /* en */,
			);
			name = InfoPlist.strings;
			sourceTree = "<group>";
		};
/* End PBXVariantGroup section */

/* Begin XCBuildConfiguration section */
		F0B80F3D1AA6998C00E545B6 /* Debug */ = {
			isa = XCBuildConfiguration;
			buildSettings = {
				ALWAYS_SEARCH_USER_PATHS = NO;
				CLANG_CXX_LANGUAGE_STANDARD = "gnu++0x";
				CLANG_CXX_LIBRARY = "libc++";
				CLANG_ENABLE_MODULES = YES;
				CLANG_ENABLE_OBJC_ARC = YES;
				CLANG_WARN_BOOL_CONVERSION = YES;
				CLANG_WARN_CONSTANT_CONVERSION = YES;
				CLANG_WARN_DIRECT_OBJC_ISA_USAGE = YES_ERROR;
				CLANG_WARN_EMPTY_BODY = YES;
				CLANG_WARN_ENUM_CONVERSION = YES;
				CLANG_WARN_INT_CONVERSION = YES;
				CLANG_WARN_OBJC_ROOT_CLASS = YES_ERROR;
				CLANG_WARN__DUPLICATE_METHOD_MATCH = YES;
				"CODE_SIGN_IDENTITY[sdk=iphoneos*]" = "iPhone Developer";
				COPY_PHASE_STRIP = NO;
				GCC_C_LANGUAGE_STANDARD = gnu99;
				GCC_DYNAMIC_NO_PIC = NO;
				GCC_OPTIMIZATION_LEVEL = 0;
				GCC_PREPROCESSOR_DEFINITIONS = (
					"DEBUG=1",
					"$(inherited)",
				);
				GCC_SYMBOLS_PRIVATE_EXTERN = NO;
				GCC_WARN_64_TO_32_BIT_CONVERSION = YES;
				GCC_WARN_ABOUT_RETURN_TYPE = YES_ERROR;
				GCC_WARN_UNDECLARED_SELECTOR = YES;
				GCC_WARN_UNINITIALIZED_AUTOS = YES_AGGRESSIVE;
				GCC_WARN_UNUSED_FUNCTION = YES;
				GCC_WARN_UNUSED_VARIABLE = YES;
				IPHONEOS_DEPLOYMENT_TARGET = 7.1;
				ONLY_ACTIVE_ARCH = YES;
				SDKROOT = iphoneos;
				TARGETED_DEVICE_FAMILY = "1,2";
			};
			name = Debug;
		};
		F0B80F3E1AA6998C00E545B6 /* Release */ = {
			isa = XCBuildConfiguration;
			buildSettings = {
				ALWAYS_SEARCH_USER_PATHS = NO;
				CLANG_CXX_LANGUAGE_STANDARD = "gnu++0x";
				CLANG_CXX_LIBRARY = "libc++";
				CLANG_ENABLE_MODULES = YES;
				CLANG_ENABLE_OBJC_ARC = YES;
				CLANG_WARN_BOOL_CONVERSION = YES;
				CLANG_WARN_CONSTANT_CONVERSION = YES;
				CLANG_WARN_DIRECT_OBJC_ISA_USAGE = YES_ERROR;
				CLANG_WARN_EMPTY_BODY = YES;
				CLANG_WARN_ENUM_CONVERSION = YES;
				CLANG_WARN_INT_CONVERSION = YES;
				CLANG_WARN_OBJC_ROOT_CLASS = YES_ERROR;
				CLANG_WARN__DUPLICATE_METHOD_MATCH = YES;
				"CODE_SIGN_IDENTITY[sdk=iphoneos*]" = "iPhone Developer";
				COPY_PHASE_STRIP = YES;
				ENABLE_NS_ASSERTIONS = NO;
				GCC_C_LANGUAGE_STANDARD = gnu99;
				GCC_WARN_64_TO_32_BIT_CONVERSION = YES;
				GCC_WARN_ABOUT_RETURN_TYPE = YES_ERROR;
				GCC_WARN_UNDECLARED_SELECTOR = YES;
				GCC_WARN_UNINITIALIZED_AUTOS = YES_AGGRESSIVE;
				GCC_WARN_UNUSED_FUNCTION = YES;
				GCC_WARN_UNUSED_VARIABLE = YES;
				IPHONEOS_DEPLOYMENT_TARGET = 7.1;
				SDKROOT = iphoneos;
				TARGETED_DEVICE_FAMILY = "1,2";
				VALIDATE_PRODUCT = YES;
			};
			name = Release;
		};
		F0B80F401AA6998C00E545B6 /* Debug */ = {
			isa = XCBuildConfiguration;
			buildSettings = {
				ASSETCATALOG_COMPILER_APPICON_NAME = AppIcon;
				ASSETCATALOG_COMPILER_LAUNCHIMAGE_NAME = LaunchImage;
				FRAMEWORK_SEARCH_PATHS = (
					"$(inherited)",
					"$(PROJECT_DIR)",
					"$(PROJECT_DIR)/lib",
				);
				GCC_PRECOMPILE_PREFIX_HEADER = YES;
				GCC_PREFIX_HEADER = "MakePhoneCall/MakePhoneCall-Prefix.pch";
				INFOPLIST_FILE = "MakePhoneCall/MakePhoneCall-Info.plist";
				LIBRARY_SEARCH_PATHS = (
					"$(inherited)",
					"$(PROJECT_DIR)",
					"$(PROJECT_DIR)/lib",
				);
				PRODUCT_NAME = "$(TARGET_NAME)";
				VALID_ARCHS = "arm64 armv7 armv7s";
				WRAPPER_EXTENSION = app;
			};
			name = Debug;
		};
		F0B80F411AA6998C00E545B6 /* Release */ = {
			isa = XCBuildConfiguration;
			buildSettings = {
				ASSETCATALOG_COMPILER_APPICON_NAME = AppIcon;
				ASSETCATALOG_COMPILER_LAUNCHIMAGE_NAME = LaunchImage;
				FRAMEWORK_SEARCH_PATHS = (
					"$(inherited)",
					"$(PROJECT_DIR)",
					"$(PROJECT_DIR)/lib",
				);
				GCC_PRECOMPILE_PREFIX_HEADER = YES;
				GCC_PREFIX_HEADER = "MakePhoneCall/MakePhoneCall-Prefix.pch";
				INFOPLIST_FILE = "MakePhoneCall/MakePhoneCall-Info.plist";
				LIBRARY_SEARCH_PATHS = (
					"$(inherited)",
					"$(PROJECT_DIR)",
					"$(PROJECT_DIR)/lib",
				);
				PRODUCT_NAME = "$(TARGET_NAME)";
				VALID_ARCHS = "arm64 armv7 armv7s";
				WRAPPER_EXTENSION = app;
			};
			name = Release;
		};
/* End XCBuildConfiguration section */

/* Begin XCConfigurationList section */
		F0B80F0E1AA6998C00E545B6 /* Build configuration list for PBXProject "MakePhoneCall" */ = {
			isa = XCConfigurationList;
			buildConfigurations = (
				F0B80F3D1AA6998C00E545B6 /* Debug */,
				F0B80F3E1AA6998C00E545B6 /* Release */,
			);
			defaultConfigurationIsVisible = 0;
			defaultConfigurationName = Release;
		};
		F0B80F3F1AA6998C00E545B6 /* Build configuration list for PBXNativeTarget "MakePhoneCall" */ = {
			isa = XCConfigurationList;
			buildConfigurations = (
				F0B80F401AA6998C00E545B6 /* Debug */,
				F0B80F411AA6998C00E545B6 /* Release */,
			);
			defaultConfigurationIsVisible = 0;
		};
/* End XCConfigurationList section */
	};
	rootObject = F0B80F0B1AA6998C00E545B6 /* Project object */;
}
