// !$*UTF8*$!
{
	archiveVersion = 1;
	classes = {
	};
	objectVersion = 46;
	objects = {

/* Begin PBXBuildFile section */
		F0B80F171AA6998C00E545B6 /* Foundation.framework in Frameworks */ = {isa = PBXBuildFile; fileRef = F0B80F161AA6998C00E545B6 /* Foundation.framework */; };
		F0B80F191AA6998C00E545B6 /* CoreGraphics.framework in Frameworks */ = {isa = PBXBuildFile; fileRef = F0B80F181AA6998C00E545B6 /* CoreGraphics.framework */; };
		F0B80F1B1AA6998C00E545B6 /* UIKit.framework in Frameworks */ = {isa = PBXBuildFile; fileRef = F0B80F1A1AA6998C00E545B6 /* UIKit.framework */; };
		F0B80F211AA6998C00E545B6 /* InfoPlist.strings in Resources */ = {isa = PBXBuildFile; fileRef = F0B80F1F1AA6998C00E545B6 /* InfoPlist.strings */; };
		F0B80F231AA6998C00E545B6 /* main.m in Sources */ = {isa = PBXBuildFile; fileRef = F0B80F221AA6998C00E545B6 /* main.m */; };
		F0B80F271AA6998C00E545B6 /* AppDelegate.m in Sources */ = {isa = PBXBuildFile; fileRef = F0B80F261AA6998C00E545B6 /* AppDelegate.m */; };
		F0B80F291AA6998C00E545B6 /* Images.xcassets in Resources */ = {isa = PBXBuildFile; fileRef = F0B80F281AA6998C00E545B6 /* Images.xcassets */; };
		F0B80F301AA6998C00E545B6 /* XCTest.framework in Frameworks */ = {isa = PBXBuildFile; fileRef = F0B80F2F1AA6998C00E545B6 /* XCTest.framework */; };
		F0B80F311AA6998C00E545B6 /* Foundation.framework in Frameworks */ = {isa = PBXBuildFile; fileRef = F0B80F161AA6998C00E545B6 /* Foundation.framework */; };
		F0B80F321AA6998C00E545B6 /* UIKit.framework in Frameworks */ = {isa = PBXBuildFile; fileRef = F0B80F1A1AA6998C00E545B6 /* UIKit.framework */; };
		F0B80F3A1AA6998C00E545B6 /* InfoPlist.strings in Resources */ = {isa = PBXBuildFile; fileRef = F0B80F381AA6998C00E545B6 /* InfoPlist.strings */; };
		F0B80F3C1AA6998C00E545B6 /* MakePhoneCallTests.m in Sources */ = {isa = PBXBuildFile; fileRef = F0B80F3B1AA6998C00E545B6 /* MakePhoneCallTests.m */; };
/* End PBXBuildFile section */

/* Begin PBXContainerItemProxy section */
		F0B80F331AA6998C00E545B6 /* PBXContainerItemProxy */ = {
			isa = PBXContainerItemProxy;
			containerPortal = F0B80F0B1AA6998C00E545B6 /* Project object */;
			proxyType = 1;
			remoteGlobalIDString = F0B80F121AA6998C00E545B6;
			remoteInfo = MakePhoneCall;
		};
/* End PBXContainerItemProxy section */

/* Begin PBXFileReference section */
		F0B80F131AA6998C00E545B6 /* MakePhoneCall.app */ = {isa = PBXFileReference; explicitFileType = wrapper.application; includeInIndex = 0; path = MakePhoneCall.app; sourceTree = BUILT_PRODUCTS_DIR; };
		F0B80F161AA6998C00E545B6 /* Foundation.framework */ = {isa = PBXFileReference; lastKnownFileType = wrapper.framework; name = Foundation.framework; path = System/Library/Frameworks/Foundation.framework; sourceTree = SDKROOT; };
		F0B80F181AA6998C00E545B6 /* CoreGraphics.framework */ = {isa = PBXFileReference; lastKnownFileType = wrapper.framework; name = CoreGraphics.framework; path = System/Library/Frameworks/CoreGraphics.framework; sourceTree = SDKROOT; };
		F0B80F1A1AA6998C00E545B6 /* UIKit.framework */ = {isa = PBXFileReference; lastKnownFileType = wrapper.framework; name = UIKit.framework; path = System/Library/Frameworks/UIKit.framework; sourceTree = SDKROOT; };
		F0B80F1E1AA6998C00E545B6 /* MakePhoneCall-Info.plist */ = {isa = PBXFileReference; lastKnownFileType = text.plist.xml; path = "MakePhoneCall-Info.plist"; sourceTree = "<group>"; };
		F0B80F201AA6998C00E545B6 /* en */ = {isa = PBXFileReference; lastKnownFileType = text.plist.strings; name = en; path = en.lproj/InfoPlist.strings; sourceTree = "<group>"; };
		F0B80F221AA6998C00E545B6 /* main.m */ = {isa = PBXFileReference; lastKnownFileType = sourcecode.c.objc; path = main.m; sourceTree = "<group>"; };
		F0B80F241AA6998C00E545B6 /* MakePhoneCall-Prefix.pch */ = {isa = PBXFileReference; lastKnownFileType = sourcecode.c.h; path = "MakePhoneCall-Prefix.pch"; sourceTree = "<group>"; };
		F0B80F251AA6998C00E545B6 /* AppDelegate.h */ = {isa = PBXFileReference; lastKnownFileType = sourcecode.c.h; path = AppDelegate.h; sourceTree = "<group>"; };
		F0B80F261AA6998C00E545B6 /* AppDelegate.m */ = {isa = PBXFileReference; lastKnownFileType = sourcecode.c.objc; path = AppDelegate.m; sourceTree = "<group>"; };
		F0B80F281AA6998C00E545B6 /* Images.xcassets */ = {isa = PBXFileReference; lastKnownFileType = folder.assetcatalog; path = Images.xcassets; sourceTree = "<group>"; };
		F0B80F2E1AA6998C00E545B6 /* MakePhoneCallTests.xctest */ = {isa = PBXFileReference; explicitFileType = wrapper.cfbundle; includeInIndex = 0; path = MakePhoneCallTests.xctest; sourceTree = BUILT_PRODUCTS_DIR; };
		F0B80F2F1AA6998C00E545B6 /* XCTest.framework */ = {isa = PBXFileReference; lastKnownFileType = wrapper.framework; name = XCTest.framework; path = Library/Frameworks/XCTest.framework; sourceTree = DEVELOPER_DIR; };
		F0B80F371AA6998C00E545B6 /* MakePhoneCallTests-Info.plist */ = {isa = PBXFileReference; lastKnownFileType = text.plist.xml; path = "MakePhoneCallTests-Info.plist"; sourceTree = "<group>"; };
		F0B80F391AA6998C00E545B6 /* en */ = {isa = PBXFileReference; lastKnownFileType = text.plist.strings; name = en; path = en.lproj/InfoPlist.strings; sourceTree = "<group>"; };
		F0B80F3B1AA6998C00E545B6 /* MakePhoneCallTests.m */ = {isa = PBXFileReference; lastKnownFileType = sourcecode.c.objc; path = MakePhoneCallTests.m; sourceTree = "<group>"; };
/* End PBXFileReference section */

/* Begin PBXFrameworksBuildPhase section */
		F0B80F101AA6998C00E545B6 /* Frameworks */ = {
			isa = PBXFrameworksBuildPhase;
			buildActionMask = 2147483647;
			files = (
				F0B80F191AA6998C00E545B6 /* CoreGraphics.framework in Frameworks */,
				F0B80F1B1AA6998C00E545B6 /* UIKit.framework in Frameworks */,
				F0B80F171AA6998C00E545B6 /* Foundation.framework in Frameworks */,
			);
			runOnlyForDeploymentPostprocessing = 0;
		};
		F0B80F2B1AA6998C00E545B6 /* Frameworks */ = {
			isa = PBXFrameworksBuildPhase;
			buildActionMask = 2147483647;
			files = (
				F0B80F301AA6998C00E545B6 /* XCTest.framework in Frameworks */,
				F0B80F321AA6998C00E545B6 /* UIKit.framework in Frameworks */,
				F0B80F311AA6998C00E545B6 /* Foundation.framework in Frameworks */,
			);
			runOnlyForDeploymentPostprocessing = 0;
		};
/* End PBXFrameworksBuildPhase section */

/* Begin PBXGroup section */
		F0B80F0A1AA6998C00E545B6 = {
			isa = PBXGroup;
			children = (
				F0B80F1C1AA6998C00E545B6 /* MakePhoneCall */,
				F0B80F351AA6998C00E545B6 /* MakePhoneCallTests */,
				F0B80F151AA6998C00E545B6 /* Frameworks */,
				F0B80F141AA6998C00E545B6 /* Products */,
			);
			sourceTree = "<group>";
		};
		F0B80F141AA6998C00E545B6 /* Products */ = {
			isa = PBXGroup;
			children = (
				F0B80F131AA6998C00E545B6 /* MakePhoneCall.app */,
				F0B80F2E1AA6998C00E545B6 /* MakePhoneCallTests.xctest */,
			);
			name = Products;
			sourceTree = "<group>";
		};
		F0B80F151AA6998C00E545B6 /* Frameworks */ = {
			isa = PBXGroup;
			children = (
				F0B80F161AA6998C00E545B6 /* Foundation.framework */,
				F0B80F181AA6998C00E545B6 /* CoreGraphics.framework */,
				F0B80F1A1AA6998C00E545B6 /* UIKit.framework */,
				F0B80F2F1AA6998C00E545B6 /* XCTest.framework */,
			);
			name = Frameworks;
			sourceTree = "<group>";
		};
		F0B80F1C1AA6998C00E545B6 /* MakePhoneCall */ = {
			isa = PBXGroup;
			children = (
				F0B80F251AA6998C00E545B6 /* AppDelegate.h */,
				F0B80F261AA6998C00E545B6 /* AppDelegate.m */,
				F0B80F281AA6998C00E545B6 /* Images.xcassets */,
				F0B80F1D1AA6998C00E545B6 /* Supporting Files */,
			);
			path = MakePhoneCall;
			sourceTree = "<group>";
		};
		F0B80F1D1AA6998C00E545B6 /* Supporting Files */ = {
			isa = PBXGroup;
			children = (
				F0B80F1E1AA6998C00E545B6 /* MakePhoneCall-Info.plist */,
				F0B80F1F1AA6998C00E545B6 /* InfoPlist.strings */,
				F0B80F221AA6998C00E545B6 /* main.m */,
				F0B80F241AA6998C00E545B6 /* MakePhoneCall-Prefix.pch */,
			);
			name = "Supporting Files";
			sourceTree = "<group>";
		};
		F0B80F351AA6998C00E545B6 /* MakePhoneCallTests */ = {
			isa = PBXGroup;
			children = (
				F0B80F3B1AA6998C00E545B6 /* MakePhoneCallTests.m */,
				F0B80F361AA6998C00E545B6 /* Supporting Files */,
			);
			path = MakePhoneCallTests;
			sourceTree = "<group>";
		};
		F0B80F361AA6998C00E545B6 /* Supporting Files */ = {
			isa = PBXGroup;
			children = (
				F0B80F371AA6998C00E545B6 /* MakePhoneCallTests-Info.plist */,
				F0B80F381AA6998C00E545B6 /* InfoPlist.strings */,
			);
			name = "Supporting Files";
			sourceTree = "<group>";
		};
/* End PBXGroup section */

/* Begin PBXNativeTarget section */
		F0B80F121AA6998C00E545B6 /* MakePhoneCall */ = {
			isa = PBXNativeTarget;
			buildConfigurationList = F0B80F3F1AA6998C00E545B6 /* Build configuration list for PBXNativeTarget "MakePhoneCall" */;
			buildPhases = (
				F0B80F0F1AA6998C00E545B6 /* Sources */,
				F0B80F101AA6998C00E545B6 /* Frameworks */,
				F0B80F111AA6998C00E545B6 /* Resources */,
			);
			buildRules = (
			);
			dependencies = (
			);
			name = MakePhoneCall;
			productName = MakePhoneCall;
			productReference = F0B80F131AA6998C00E545B6 /* MakePhoneCall.app */;
			productType = "com.apple.product-type.application";
		};
		F0B80F2D1AA6998C00E545B6 /* MakePhoneCallTests */ = {
			isa = PBXNativeTarget;
			buildConfigurationList = F0B80F421AA6998C00E545B6 /* Build configuration list for PBXNativeTarget "MakePhoneCallTests" */;
			buildPhases = (
				F0B80F2A1AA6998C00E545B6 /* Sources */,
				F0B80F2B1AA6998C00E545B6 /* Frameworks */,
				F0B80F2C1AA6998C00E545B6 /* Resources */,
			);
			buildRules = (
			);
			dependencies = (
				F0B80F341AA6998C00E545B6 /* PBXTargetDependency */,
			);
			name = MakePhoneCallTests;
			productName = MakePhoneCallTests;
			productReference = F0B80F2E1AA6998C00E545B6 /* MakePhoneCallTests.xctest */;
			productType = "com.apple.product-type.bundle.unit-test";
		};
/* End PBXNativeTarget section */

/* Begin PBXProject section */
		F0B80F0B1AA6998C00E545B6 /* Project object */ = {
			isa = PBXProject;
			attributes = {
				LastUpgradeCheck = 0510;
				ORGANIZATIONNAME = shuzhenguo;
				TargetAttributes = {
					F0B80F2D1AA6998C00E545B6 = {
						TestTargetID = F0B80F121AA6998C00E545B6;
					};
				};
			};
			buildConfigurationList = F0B80F0E1AA6998C00E545B6 /* Build configuration list for PBXProject "MakePhoneCall" */;
			compatibilityVersion = "Xcode 3.2";
			developmentRegion = English;
			hasScannedForEncodings = 0;
			knownRegions = (
				en,
			);
			mainGroup = F0B80F0A1AA6998C00E545B6;
			productRefGroup = F0B80F141AA6998C00E545B6 /* Products */;
			projectDirPath = "";
			projectRoot = "";
			targets = (
				F0B80F121AA6998C00E545B6 /* MakePhoneCall */,
				F0B80F2D1AA6998C00E545B6 /* MakePhoneCallTests */,
			);
		};
/* End PBXProject section */

/* Begin PBXResourcesBuildPhase section */
		F0B80F111AA6998C00E545B6 /* Resources */ = {
			isa = PBXResourcesBuildPhase;
			buildActionMask = 2147483647;
			files = (
				F0B80F211AA6998C00E545B6 /* InfoPlist.strings in Resources */,
				F0B80F291AA6998C00E545B6 /* Images.xcassets in Resources */,
			);
			runOnlyForDeploymentPostprocessing = 0;
		};
		F0B80F2C1AA6998C00E545B6 /* Resources */ = {
			isa = PBXResourcesBuildPhase;
			buildActionMask = 2147483647;
			files = (
				F0B80F3A1AA6998C00E545B6 /* InfoPlist.strings in Resources */,
			);
			runOnlyForDeploymentPostprocessing = 0;
		};
/* End PBXResourcesBuildPhase section */

/* Begin PBXSourcesBuildPhase section */
		F0B80F0F1AA6998C00E545B6 /* Sources */ = {
			isa = PBXSourcesBuildPhase;
			buildActionMask = 2147483647;
			files = (
				F0B80F271AA6998C00E545B6 /* AppDelegate.m in Sources */,
				F0B80F231AA6998C00E545B6 /* main.m in Sources */,
			);
			runOnlyForDeploymentPostprocessing = 0;
		};
		F0B80F2A1AA6998C00E545B6 /* Sources */ = {
			isa = PBXSourcesBuildPhase;
			buildActionMask = 2147483647;
			files = (
				F0B80F3C1AA6998C00E545B6 /* MakePhoneCallTests.m in Sources */,
			);
			runOnlyForDeploymentPostprocessing = 0;
		};
/* End PBXSourcesBuildPhase section */

/* Begin PBXTargetDependency section */
		F0B80F341AA6998C00E545B6 /* PBXTargetDependency */ = {
			isa = PBXTargetDependency;
			target = F0B80F121AA6998C00E545B6 /* MakePhoneCall */;
			targetProxy = F0B80F331AA6998C00E545B6 /* PBXContainerItemProxy */;
		};
/* End PBXTargetDependency section */

/* Begin PBXVariantGroup section */
		F0B80F1F1AA6998C00E545B6 /* InfoPlist.strings */ = {
			isa = PBXVariantGroup;
			children = (
				F0B80F201AA6998C00E545B6 /* en */,
			);
			name = InfoPlist.strings;
			sourceTree = "<group>";
		};
		F0B80F381AA6998C00E545B6 /* InfoPlist.strings */ = {
			isa = PBXVariantGroup;
			children = (
				F0B80F391AA6998C00E545B6 /* en */,
			);
			name = InfoPlist.strings;
			sourceTree = "<group>";
		};
/* End PBXVariantGroup section */

/* Begin XCBuildConfiguration section */
		F0B80F3D1AA6998C00E545B6 /* Debug */ = {
			isa = XCBuildConfiguration;
			buildSettings = {
				ALWAYS_SEARCH_USER_PATHS = NO;
				CLANG_CXX_LANGUAGE_STANDARD = "gnu++0x";
				CLANG_CXX_LIBRARY = "libc++";
				CLANG_ENABLE_MODULES = YES;
				CLANG_ENABLE_OBJC_ARC = YES;
				CLANG_WARN_BOOL_CONVERSION = YES;
				CLANG_WARN_CONSTANT_CONVERSION = YES;
				CLANG_WARN_DIRECT_OBJC_ISA_USAGE = YES_ERROR;
				CLANG_WARN_EMPTY_BODY = YES;
				CLANG_WARN_ENUM_CONVERSION = YES;
				CLANG_WARN_INT_CONVERSION = YES;
				CLANG_WARN_OBJC_ROOT_CLASS = YES_ERROR;
				CLANG_WARN__DUPLICATE_METHOD_MATCH = YES;
				"CODE_SIGN_IDENTITY[sdk=iphoneos*]" = "iPhone Developer";
				COPY_PHASE_STRIP = NO;
				GCC_C_LANGUAGE_STANDARD = gnu99;
				GCC_DYNAMIC_NO_PIC = NO;
				GCC_OPTIMIZATION_LEVEL = 0;
				GCC_PREPROCESSOR_DEFINITIONS = (
					"DEBUG=1",
					"$(inherited)",
				);
				GCC_SYMBOLS_PRIVATE_EXTERN = NO;
				GCC_WARN_64_TO_32_BIT_CONVERSION = YES;
				GCC_WARN_ABOUT_RETURN_TYPE = YES_ERROR;
				GCC_WARN_UNDECLARED_SELECTOR = YES;
				GCC_WARN_UNINITIALIZED_AUTOS = YES_AGGRESSIVE;
				GCC_WARN_UNUSED_FUNCTION = YES;
				GCC_WARN_UNUSED_VARIABLE = YES;
				IPHONEOS_DEPLOYMENT_TARGET = 7.1;
				ONLY_ACTIVE_ARCH = YES;
				SDKROOT = iphoneos;
				TARGETED_DEVICE_FAMILY = "1,2";
			};
			name = Debug;
		};
		F0B80F3E1AA6998C00E545B6 /* Release */ = {
			isa = XCBuildConfiguration;
			buildSettings = {
				ALWAYS_SEARCH_USER_PATHS = NO;
				CLANG_CXX_LANGUAGE_STANDARD = "gnu++0x";
				CLANG_CXX_LIBRARY = "libc++";
				CLANG_ENABLE_MODULES = YES;
				CLANG_ENABLE_OBJC_ARC = YES;
				CLANG_WARN_BOOL_CONVERSION = YES;
				CLANG_WARN_CONSTANT_CONVERSION = YES;
				CLANG_WARN_DIRECT_OBJC_ISA_USAGE = YES_ERROR;
				CLANG_WARN_EMPTY_BODY = YES;
				CLANG_WARN_ENUM_CONVERSION = YES;
				CLANG_WARN_INT_CONVERSION = YES;
				CLANG_WARN_OBJC_ROOT_CLASS = YES_ERROR;
				CLANG_WARN__DUPLICATE_METHOD_MATCH = YES;
				"CODE_SIGN_IDENTITY[sdk=iphoneos*]" = "iPhone Developer";
				COPY_PHASE_STRIP = YES;
				ENABLE_NS_ASSERTIONS = NO;
				GCC_C_LANGUAGE_STANDARD = gnu99;
				GCC_WARN_64_TO_32_BIT_CONVERSION = YES;
				GCC_WARN_ABOUT_RETURN_TYPE = YES_ERROR;
				GCC_WARN_UNDECLARED_SELECTOR = YES;
				GCC_WARN_UNINITIALIZED_AUTOS = YES_AGGRESSIVE;
				GCC_WARN_UNUSED_FUNCTION = YES;
				GCC_WARN_UNUSED_VARIABLE = YES;
				IPHONEOS_DEPLOYMENT_TARGET = 7.1;
				SDKROOT = iphoneos;
				TARGETED_DEVICE_FAMILY = "1,2";
				VALIDATE_PRODUCT = YES;
			};
			name = Release;
		};
		F0B80F401AA6998C00E545B6 /* Debug */ = {
			isa = XCBuildConfiguration;
			buildSettings = {
				ASSETCATALOG_COMPILER_APPICON_NAME = AppIcon;
				ASSETCATALOG_COMPILER_LAUNCHIMAGE_NAME = LaunchImage;
				GCC_PRECOMPILE_PREFIX_HEADER = YES;
				GCC_PREFIX_HEADER = "MakePhoneCall/MakePhoneCall-Prefix.pch";
				INFOPLIST_FILE = "MakePhoneCall/MakePhoneCall-Info.plist";
				PRODUCT_NAME = "$(TARGET_NAME)";
				WRAPPER_EXTENSION = app;
			};
			name = Debug;
		};
		F0B80F411AA6998C00E545B6 /* Release */ = {
			isa = XCBuildConfiguration;
			buildSettings = {
				ASSETCATALOG_COMPILER_APPICON_NAME = AppIcon;
				ASSETCATALOG_COMPILER_LAUNCHIMAGE_NAME = LaunchImage;
				GCC_PRECOMPILE_PREFIX_HEADER = YES;
				GCC_PREFIX_HEADER = "MakePhoneCall/MakePhoneCall-Prefix.pch";
				INFOPLIST_FILE = "MakePhoneCall/MakePhoneCall-Info.plist";
				PRODUCT_NAME = "$(TARGET_NAME)";
				WRAPPER_EXTENSION = app;
			};
			name = Release;
		};
		F0B80F431AA6998C00E545B6 /* Debug */ = {
			isa = XCBuildConfiguration;
			buildSettings = {
				BUNDLE_LOADER = "$(BUILT_PRODUCTS_DIR)/MakePhoneCall.app/MakePhoneCall";
				FRAMEWORK_SEARCH_PATHS = (
					"$(SDKROOT)/Developer/Library/Frameworks",
					"$(inherited)",
					"$(DEVELOPER_FRAMEWORKS_DIR)",
				);
				GCC_PRECOMPILE_PREFIX_HEADER = YES;
				GCC_PREFIX_HEADER = "MakePhoneCall/MakePhoneCall-Prefix.pch";
				GCC_PREPROCESSOR_DEFINITIONS = (
					"DEBUG=1",
					"$(inherited)",
				);
				INFOPLIST_FILE = "MakePhoneCallTests/MakePhoneCallTests-Info.plist";
				PRODUCT_NAME = "$(TARGET_NAME)";
				TEST_HOST = "$(BUNDLE_LOADER)";
				WRAPPER_EXTENSION = xctest;
			};
			name = Debug;
		};
		F0B80F441AA6998C00E545B6 /* Release */ = {
			isa = XCBuildConfiguration;
			buildSettings = {
				BUNDLE_LOADER = "$(BUILT_PRODUCTS_DIR)/MakePhoneCall.app/MakePhoneCall";
				FRAMEWORK_SEARCH_PATHS = (
					"$(SDKROOT)/Developer/Library/Frameworks",
					"$(inherited)",
					"$(DEVELOPER_FRAMEWORKS_DIR)",
				);
				GCC_PRECOMPILE_PREFIX_HEADER = YES;
				GCC_PREFIX_HEADER = "MakePhoneCall/MakePhoneCall-Prefix.pch";
				INFOPLIST_FILE = "MakePhoneCallTests/MakePhoneCallTests-Info.plist";
				PRODUCT_NAME = "$(TARGET_NAME)";
				TEST_HOST = "$(BUNDLE_LOADER)";
				WRAPPER_EXTENSION = xctest;
			};
			name = Release;
		};
/* End XCBuildConfiguration section */

/* Begin XCConfigurationList section */
		F0B80F0E1AA6998C00E545B6 /* Build configuration list for PBXProject "MakePhoneCall" */ = {
			isa = XCConfigurationList;
			buildConfigurations = (
				F0B80F3D1AA6998C00E545B6 /* Debug */,
				F0B80F3E1AA6998C00E545B6 /* Release */,
			);
			defaultConfigurationIsVisible = 0;
			defaultConfigurationName = Release;
		};
		F0B80F3F1AA6998C00E545B6 /* Build configuration list for PBXNativeTarget "MakePhoneCall" */ = {
			isa = XCConfigurationList;
			buildConfigurations = (
				F0B80F401AA6998C00E545B6 /* Debug */,
				F0B80F411AA6998C00E545B6 /* Release */,
			);
			defaultConfigurationIsVisible = 0;
		};
		F0B80F421AA6998C00E545B6 /* Build configuration list for PBXNativeTarget "MakePhoneCallTests" */ = {
			isa = XCConfigurationList;
			buildConfigurations = (
				F0B80F431AA6998C00E545B6 /* Debug */,
				F0B80F441AA6998C00E545B6 /* Release */,
			);
			defaultConfigurationIsVisible = 0;
		};
/* End XCConfigurationList section */
	};
	rootObject = F0B80F0B1AA6998C00E545B6 /* Project object */;
}
